PODS:
  - Alamofire (4.7.1)
  - Crashlytics (3.8.5):
    - Fabric (~> 1.6.3)
  - Fabric (1.6.12)
  - SwiftLint (0.20.1)

DEPENDENCIES:
  - Alamofire
  - Crashlytics
  - Fabric
  - SwiftLint

SPEC REPOS:
  https://github.com/CocoaPods/Specs.git:
    - Alamofire
    - Crashlytics
    - Fabric
    - SwiftLint

SPEC CHECKSUMS:
  Alamofire: 68d7d521118d49c615a8d2214d87cdf525599d30
  Crashlytics: dfbae35ef22ca189240d230ad501feea4ee85d2d
  Fabric: f050464eac45a2ce5a8e6e6a07e977c0df32fe28
  SwiftLint: f60095dc173a3f3ec505bb34f5229c3dfd779a54

PODFILE CHECKSUM: 7c84d7da60fc2d5fb050fad11ba25e07aa38a714

COCOAPODS: 1.5.0
